
Microsoft Visual Studio Solution File, Format Version 12.00
# Visual Studio Version 17
VisualStudioVersion = 17.1.32210.238
MinimumVisualStudioVersion = 10.0.40219.1
Project("{FAE04EC0-301F-11D3-BF4B-00C04F79EFBC}") = "AuboDrive", "AuboDrive.csproj", "{C4D57F2B-AEEB-4A82-BFB4-F978364DD52F}"
EndProject
Global
	GlobalSection(SolutionConfigurationPlatforms) = preSolution
		Debug|Any CPU = Debug|Any CPU
		Release|Any CPU = Release|Any CPU
	EndGlobalSection
	GlobalSection(ProjectConfigurationPlatforms) = postSolution
		{C4D57F2B-AEEB-4A82-BFB4-F978364DD52F}.Debug|Any CPU.ActiveCfg = Debug|Any CPU
		{C4D57F2B-AEEB-4A82-BFB4-F978364DD52F}.Debug|Any CPU.Build.0 = Debug|Any CPU
		{C4D57F2B-AEEB-4A82-BFB4-F978364DD52F}.Release|Any CPU.ActiveCfg = Release|Any CPU
		{C4D57F2B-AEEB-4A82-BFB4-F978364DD52F}.Release|Any CPU.Build.0 = Release|Any CPU
	EndGlobalSection
	GlobalSection(SolutionProperties) = preSolution
		HideSolutionNode = FALSE
	EndGlobalSection
	GlobalSection(ExtensibilityGlobals) = postSolution
		SolutionGuid = {2A78909E-F7B8-40EC-B6CD-73CF4C50E419}
	EndGlobalSection
EndGlobal
